
Microsoft Visual Studio Solution File, Format Version 12.00
# Visual Studio Version 17
VisualStudioVersion = 17.3.32819.101
MinimumVisualStudioVersion = 10.0.40219.1
Project("{FAE04EC0-301F-11D3-BF4B-00C04F79EFBC}") = "Ruziev.ISP19", "Ruziev.ISP19\Ruziev.ISP19.csproj", "{C7E22D64-04E5-41B8-AF38-A9EEBA7DDCDA}"
EndProject
Global
	GlobalSection(SolutionConfigurationPlatforms) = preSolution
		Debug|Any CPU = Debug|Any CPU
		Release|Any CPU = Release|Any CPU
	EndGlobalSection
	GlobalSection(ProjectConfigurationPlatforms) = postSolution
		{C7E22D64-04E5-41B8-AF38-A9EEBA7DDCDA}.Debug|Any CPU.ActiveCfg = Debug|Any CPU
		{C7E22D64-04E5-41B8-AF38-A9EEBA7DDCDA}.Debug|Any CPU.Build.0 = Debug|Any CPU
		{C7E22D64-04E5-41B8-AF38-A9EEBA7DDCDA}.Release|Any CPU.ActiveCfg = Release|Any CPU
		{C7E22D64-04E5-41B8-AF38-A9EEBA7DDCDA}.Release|Any CPU.Build.0 = Release|Any CPU
	EndGlobalSection
	GlobalSection(SolutionProperties) = preSolution
		HideSolutionNode = FALSE
	EndGlobalSection
	GlobalSection(ExtensibilityGlobals) = postSolution
		SolutionGuid = {193CFD11-FE19-404D-9441-2FC3650B7524}
	EndGlobalSection
EndGlobal
